
Microsoft Visual Studio Solution File, Format Version 12.00
# Visual Studio 2012
Project("{FAE04EC0-301F-11D3-BF4B-00C04F79EFBC}") = "BindingGrid", "BindingGrid.csproj", "{088813F1-D028-4F19-BC71-D68388DCBE6D}"
EndProject
Global
	GlobalSection(SolutionConfigurationPlatforms) = preSolution
		Debug|Any CPU = Debug|Any CPU
		Release|Any CPU = Release|Any CPU
	EndGlobalSection
	GlobalSection(ProjectConfigurationPlatforms) = postSolution
		{088813F1-D028-4F19-BC71-D68388DCBE6D}.Debug|Any CPU.ActiveCfg = Debug|Any CPU
		{088813F1-D028-4F19-BC71-D68388DCBE6D}.Debug|Any CPU.Build.0 = Debug|Any CPU
		{088813F1-D028-4F19-BC71-D68388DCBE6D}.Release|Any CPU.ActiveCfg = Release|Any CPU
		{088813F1-D028-4F19-BC71-D68388DCBE6D}.Release|Any CPU.Build.0 = Release|Any CPU
	EndGlobalSection
EndGlobal
